
Microsoft Visual Studio Solution File, Format Version 12.00
# Visual Studio Version 16
VisualStudioVersion = 16.0.31321.278
MinimumVisualStudioVersion = 10.0.40219.1
Project("{FAE04EC0-301F-11D3-BF4B-00C04F79EFBC}") = "Session2Exercises", "Session2Exercises\Session2Exercises.csproj", "{B195BEFA-B9BA-4C44-B00A-FAC71B125764}"
EndProject
Global
	GlobalSection(SolutionConfigurationPlatforms) = preSolution
		Debug|Any CPU = Debug|Any CPU
		Release|Any CPU = Release|Any CPU
	EndGlobalSection
	GlobalSection(ProjectConfigurationPlatforms) = postSolution
		{B195BEFA-B9BA-4C44-B00A-FAC71B125764}.Debug|Any CPU.ActiveCfg = Debug|Any CPU
		{B195BEFA-B9BA-4C44-B00A-FAC71B125764}.Debug|Any CPU.Build.0 = Debug|Any CPU
		{B195BEFA-B9BA-4C44-B00A-FAC71B125764}.Release|Any CPU.ActiveCfg = Release|Any CPU
		{B195BEFA-B9BA-4C44-B00A-FAC71B125764}.Release|Any CPU.Build.0 = Release|Any CPU
	EndGlobalSection
	GlobalSection(SolutionProperties) = preSolution
		HideSolutionNode = FALSE
	EndGlobalSection
	GlobalSection(ExtensibilityGlobals) = postSolution
		SolutionGuid = {9076C7E8-401B-49D7-90A6-A50AF94EE177}
	EndGlobalSection
EndGlobal
