
Microsoft Visual Studio Solution File, Format Version 12.00
# Visual Studio Version 16
VisualStudioVersion = 16.0.31321.278
MinimumVisualStudioVersion = 10.0.40219.1
Project("{FAE04EC0-301F-11D3-BF4B-00C04F79EFBC}") = "DatabaseApp", "DatabaseApp\DatabaseApp.csproj", "{FBFEEE78-BA66-453F-B816-56B1314F4B9D}"
EndProject
Global
	GlobalSection(SolutionConfigurationPlatforms) = preSolution
		Debug|Any CPU = Debug|Any CPU
		Release|Any CPU = Release|Any CPU
	EndGlobalSection
	GlobalSection(ProjectConfigurationPlatforms) = postSolution
		{FBFEEE78-BA66-453F-B816-56B1314F4B9D}.Debug|Any CPU.ActiveCfg = Debug|Any CPU
		{FBFEEE78-BA66-453F-B816-56B1314F4B9D}.Debug|Any CPU.Build.0 = Debug|Any CPU
		{FBFEEE78-BA66-453F-B816-56B1314F4B9D}.Release|Any CPU.ActiveCfg = Release|Any CPU
		{FBFEEE78-BA66-453F-B816-56B1314F4B9D}.Release|Any CPU.Build.0 = Release|Any CPU
	EndGlobalSection
	GlobalSection(SolutionProperties) = preSolution
		HideSolutionNode = FALSE
	EndGlobalSection
	GlobalSection(ExtensibilityGlobals) = postSolution
		SolutionGuid = {E20693FD-E5FF-4CE1-B414-6B7079BEDB33}
	EndGlobalSection
EndGlobal
